# Generated by pub
# See http://pub.dartlang.org/doc/glossary.html#lockfile
packages:
  a_star:
    description: a_star
    source: hosted
    version: "0.3.0"
  browser:
    description: browser
    source: hosted
    version: "0.9.0"
  vector_math:
    description: vector_math
    source: hosted
    version: "1.3.5"
